
Microsoft Visual Studio Solution File, Format Version 12.00
# Visual Studio 15
VisualStudioVersion = 15.0.26430.6
MinimumVisualStudioVersion = 10.0.40219.1
Project("{FAE04EC0-301F-11D3-BF4B-00C04F79EFBC}") = "Facturapi", "facturapi-net\Facturapi.csproj", "{A91D3CF3-1051-41F4-833E-C52EE8FBCE20}"
EndProject
Project("{FAE04EC0-301F-11D3-BF4B-00C04F79EFBC}") = "FacturapiTest", "FacturapiTest\FacturapiTest.csproj", "{B0D06A08-74DC-449A-9C42-376FF3A6C1F4}"
	ProjectSection(ProjectDependencies) = postProject
		{A91D3CF3-1051-41F4-833E-C52EE8FBCE20} = {A91D3CF3-1051-41F4-833E-C52EE8FBCE20}
	EndProjectSection
EndProject
Project("{2150E333-8FDC-42A3-9474-1A3956D46DE8}") = "Solution Items", "Solution Items", "{7375A381-9AA2-4E14-95DF-89068A6EBF76}"
	ProjectSection(SolutionItems) = preProject
		README.md = README.md
	EndProjectSection
EndProject
Global
	GlobalSection(SolutionConfigurationPlatforms) = preSolution
		Debug|Any CPU = Debug|Any CPU
		Release|Any CPU = Release|Any CPU
	EndGlobalSection
	GlobalSection(ProjectConfigurationPlatforms) = postSolution
		{A91D3CF3-1051-41F4-833E-C52EE8FBCE20}.Debug|Any CPU.ActiveCfg = Debug|Any CPU
		{A91D3CF3-1051-41F4-833E-C52EE8FBCE20}.Debug|Any CPU.Build.0 = Debug|Any CPU
		{A91D3CF3-1051-41F4-833E-C52EE8FBCE20}.Release|Any CPU.ActiveCfg = Release|Any CPU
		{A91D3CF3-1051-41F4-833E-C52EE8FBCE20}.Release|Any CPU.Build.0 = Release|Any CPU
		{B0D06A08-74DC-449A-9C42-376FF3A6C1F4}.Debug|Any CPU.ActiveCfg = Debug|Any CPU
		{B0D06A08-74DC-449A-9C42-376FF3A6C1F4}.Debug|Any CPU.Build.0 = Debug|Any CPU
		{B0D06A08-74DC-449A-9C42-376FF3A6C1F4}.Release|Any CPU.ActiveCfg = Release|Any CPU
		{B0D06A08-74DC-449A-9C42-376FF3A6C1F4}.Release|Any CPU.Build.0 = Release|Any CPU
	EndGlobalSection
	GlobalSection(SolutionProperties) = preSolution
		HideSolutionNode = FALSE
	EndGlobalSection
EndGlobal
